// !$*UTF8*$!
{
	archiveVersion = 1;
	classes = {
	};
	objectVersion = 50;
	objects = {

/* Begin PBXBuildFile section */
		BDA71D242892EA9000E4AEA9 /* AppDelegate.swift in Sources */ = {isa = PBXBuildFile; fileRef = BDA71D232892EA9000E4AEA9 /* AppDelegate.swift */; };
		BDA71D262892EA9000E4AEA9 /* SceneDelegate.swift in Sources */ = {isa = PBXBuildFile; fileRef = BDA71D252892EA9000E4AEA9 /* SceneDelegate.swift */; };
		BDA71D282892EA9000E4AEA9 /* ViewController.swift in Sources */ = {isa = PBXBuildFile; fileRef = BDA71D272892EA9000E4AEA9 /* ViewController.swift */; };
		BDA71D2B2892EA9000E4AEA9 /* Main.storyboard in Resources */ = {isa = PBXBuildFile; fileRef = BDA71D292892EA9000E4AEA9 /* Main.storyboard */; };
		BDA71D2D2892EA9100E4AEA9 /* Assets.xcassets in Resources */ = {isa = PBXBuildFile; fileRef = BDA71D2C2892EA9100E4AEA9 /* Assets.xcassets */; };
		BDA71D302892EA9100E4AEA9 /* LaunchScreen.storyboard in Resources */ = {isa = PBXBuildFile; fileRef = BDA71D2E2892EA9100E4AEA9 /* LaunchScreen.storyboard */; };
		BDA71D3B2892EA9100E4AEA9 /* EventsAppTests.swift in Sources */ = {isa = PBXBuildFile; fileRef = BDA71D3A2892EA9100E4AEA9 /* EventsAppTests.swift */; };
		BDA71D462892EA9100E4AEA9 /* EventsAppUITests.swift in Sources */ = {isa = PBXBuildFile; fileRef = BDA71D452892EA9100E4AEA9 /* EventsAppUITests.swift */; };
/* End PBXBuildFile section */

/* Begin PBXContainerItemProxy section */
		BDA71D372892EA9100E4AEA9 /* PBXContainerItemProxy */ = {
			isa = PBXContainerItemProxy;
			containerPortal = BDA71D182892EA9000E4AEA9 /* Project object */;
			proxyType = 1;
			remoteGlobalIDString = BDA71D1F2892EA9000E4AEA9;
			remoteInfo = EventsApp;
		};
		BDA71D422892EA9100E4AEA9 /* PBXContainerItemProxy */ = {
			isa = PBXContainerItemProxy;
			containerPortal = BDA71D182892EA9000E4AEA9 /* Project object */;
			proxyType = 1;
			remoteGlobalIDString = BDA71D1F2892EA9000E4AEA9;
			remoteInfo = EventsApp;
		};
/* End PBXContainerItemProxy section */

/* Begin PBXFileReference section */
		BDA71D202892EA9000E4AEA9 /* EventsApp.app */ = {isa = PBXFileReference; explicitFileType = wrapper.application; includeInIndex = 0; path = EventsApp.app; sourceTree = BUILT_PRODUCTS_DIR; };
		BDA71D232892EA9000E4AEA9 /* AppDelegate.swift */ = {isa = PBXFileReference; lastKnownFileType = sourcecode.swift; path = AppDelegate.swift; sourceTree = "<group>"; };
		BDA71D252892EA9000E4AEA9 /* SceneDelegate.swift */ = {isa = PBXFileReference; lastKnownFileType = sourcecode.swift; path = SceneDelegate.swift; sourceTree = "<group>"; };
		BDA71D272892EA9000E4AEA9 /* ViewController.swift */ = {isa = PBXFileReference; lastKnownFileType = sourcecode.swift; path = ViewController.swift; sourceTree = "<group>"; };
		BDA71D2A2892EA9000E4AEA9 /* Base */ = {isa = PBXFileReference; lastKnownFileType = file.storyboard; name = Base; path = Base.lproj/Main.storyboard; sourceTree = "<group>"; };
		BDA71D2C2892EA9100E4AEA9 /* Assets.xcassets */ = {isa = PBXFileReference; lastKnownFileType = folder.assetcatalog; path = Assets.xcassets; sourceTree = "<group>"; };
		BDA71D2F2892EA9100E4AEA9 /* Base */ = {isa = PBXFileReference; lastKnownFileType = file.storyboard; name = Base; path = Base.lproj/LaunchScreen.storyboard; sourceTree = "<group>"; };
		BDA71D312892EA9100E4AEA9 /* Info.plist */ = {isa = PBXFileReference; lastKnownFileType = text.plist.xml; path = Info.plist; sourceTree = "<group>"; };
		BDA71D362892EA9100E4AEA9 /* EventsAppTests.xctest */ = {isa = PBXFileReference; explicitFileType = wrapper.cfbundle; includeInIndex = 0; path = EventsAppTests.xctest; sourceTree = BUILT_PRODUCTS_DIR; };
		BDA71D3A2892EA9100E4AEA9 /* EventsAppTests.swift */ = {isa = PBXFileReference; lastKnownFileType = sourcecode.swift; path = EventsAppTests.swift; sourceTree = "<group>"; };
		BDA71D3C2892EA9100E4AEA9 /* Info.plist */ = {isa = PBXFileReference; lastKnownFileType = text.plist.xml; path = Info.plist; sourceTree = "<group>"; };
		BDA71D412892EA9100E4AEA9 /* EventsAppUITests.xctest */ = {isa = PBXFileReference; explicitFileType = wrapper.cfbundle; includeInIndex = 0; path = EventsAppUITests.xctest; sourceTree = BUILT_PRODUCTS_DIR; };
		BDA71D452892EA9100E4AEA9 /* EventsAppUITests.swift */ = {isa = PBXFileReference; lastKnownFileType = sourcecode.swift; path = EventsAppUITests.swift; sourceTree = "<group>"; };
		BDA71D472892EA9100E4AEA9 /* Info.plist */ = {isa = PBXFileReference; lastKnownFileType = text.plist.xml; path = Info.plist; sourceTree = "<group>"; };
/* End PBXFileReference section */

/* Begin PBXFrameworksBuildPhase section */
		BDA71D1D2892EA9000E4AEA9 /* Frameworks */ = {
			isa = PBXFrameworksBuildPhase;
			buildActionMask = 2147483647;
			files = (
			);
			runOnlyForDeploymentPostprocessing = 0;
		};
		BDA71D332892EA9100E4AEA9 /* Frameworks */ = {
			isa = PBXFrameworksBuildPhase;
			buildActionMask = 2147483647;
			files = (
			);
			runOnlyForDeploymentPostprocessing = 0;
		};
		BDA71D3E2892EA9100E4AEA9 /* Frameworks */ = {
			isa = PBXFrameworksBuildPhase;
			buildActionMask = 2147483647;
			files = (
			);
			runOnlyForDeploymentPostprocessing = 0;
		};
/* End PBXFrameworksBuildPhase section */

/* Begin PBXGroup section */
		BDA71D172892EA9000E4AEA9 = {
			isa = PBXGroup;
			children = (
				BDA71D222892EA9000E4AEA9 /* EventsApp */,
				BDA71D392892EA9100E4AEA9 /* EventsAppTests */,
				BDA71D442892EA9100E4AEA9 /* EventsAppUITests */,
				BDA71D212892EA9000E4AEA9 /* Products */,
			);
			sourceTree = "<group>";
		};
		BDA71D212892EA9000E4AEA9 /* Products */ = {
			isa = PBXGroup;
			children = (
				BDA71D202892EA9000E4AEA9 /* EventsApp.app */,
				BDA71D362892EA9100E4AEA9 /* EventsAppTests.xctest */,
				BDA71D412892EA9100E4AEA9 /* EventsAppUITests.xctest */,
			);
			name = Products;
			sourceTree = "<group>";
		};
		BDA71D222892EA9000E4AEA9 /* EventsApp */ = {
			isa = PBXGroup;
			children = (
				BDA71D232892EA9000E4AEA9 /* AppDelegate.swift */,
				BDA71D252892EA9000E4AEA9 /* SceneDelegate.swift */,
				BDA71D272892EA9000E4AEA9 /* ViewController.swift */,
				BDA71D292892EA9000E4AEA9 /* Main.storyboard */,
				BDA71D2C2892EA9100E4AEA9 /* Assets.xcassets */,
				BDA71D2E2892EA9100E4AEA9 /* LaunchScreen.storyboard */,
				BDA71D312892EA9100E4AEA9 /* Info.plist */,
			);
			path = EventsApp;
			sourceTree = "<group>";
		};
		BDA71D392892EA9100E4AEA9 /* EventsAppTests */ = {
			isa = PBXGroup;
			children = (
				BDA71D3A2892EA9100E4AEA9 /* EventsAppTests.swift */,
				BDA71D3C2892EA9100E4AEA9 /* Info.plist */,
			);
			path = EventsAppTests;
			sourceTree = "<group>";
		};
		BDA71D442892EA9100E4AEA9 /* EventsAppUITests */ = {
			isa = PBXGroup;
			children = (
				BDA71D452892EA9100E4AEA9 /* EventsAppUITests.swift */,
				BDA71D472892EA9100E4AEA9 /* Info.plist */,
			);
			path = EventsAppUITests;
			sourceTree = "<group>";
		};
/* End PBXGroup section */

/* Begin PBXNativeTarget section */
		BDA71D1F2892EA9000E4AEA9 /* EventsApp */ = {
			isa = PBXNativeTarget;
			buildConfigurationList = BDA71D4A2892EA9100E4AEA9 /* Build configuration list for PBXNativeTarget "EventsApp" */;
			buildPhases = (
				BDA71D1C2892EA9000E4AEA9 /* Sources */,
				BDA71D1D2892EA9000E4AEA9 /* Frameworks */,
				BDA71D1E2892EA9000E4AEA9 /* Resources */,
			);
			buildRules = (
			);
			dependencies = (
			);
			name = EventsApp;
			productName = EventsApp;
			productReference = BDA71D202892EA9000E4AEA9 /* EventsApp.app */;
			productType = "com.apple.product-type.application";
		};
		BDA71D352892EA9100E4AEA9 /* EventsAppTests */ = {
			isa = PBXNativeTarget;
			buildConfigurationList = BDA71D4D2892EA9100E4AEA9 /* Build configuration list for PBXNativeTarget "EventsAppTests" */;
			buildPhases = (
				BDA71D322892EA9100E4AEA9 /* Sources */,
				BDA71D332892EA9100E4AEA9 /* Frameworks */,
				BDA71D342892EA9100E4AEA9 /* Resources */,
			);
			buildRules = (
			);
			dependencies = (
				BDA71D382892EA9100E4AEA9 /* PBXTargetDependency */,
			);
			name = EventsAppTests;
			productName = EventsAppTests;
			productReference = BDA71D362892EA9100E4AEA9 /* EventsAppTests.xctest */;
			productType = "com.apple.product-type.bundle.unit-test";
		};
		BDA71D402892EA9100E4AEA9 /* EventsAppUITests */ = {
			isa = PBXNativeTarget;
			buildConfigurationList = BDA71D502892EA9100E4AEA9 /* Build configuration list for PBXNativeTarget "EventsAppUITests" */;
			buildPhases = (
				BDA71D3D2892EA9100E4AEA9 /* Sources */,
				BDA71D3E2892EA9100E4AEA9 /* Frameworks */,
				BDA71D3F2892EA9100E4AEA9 /* Resources */,
			);
			buildRules = (
			);
			dependencies = (
				BDA71D432892EA9100E4AEA9 /* PBXTargetDependency */,
			);
			name = EventsAppUITests;
			productName = EventsAppUITests;
			productReference = BDA71D412892EA9100E4AEA9 /* EventsAppUITests.xctest */;
			productType = "com.apple.product-type.bundle.ui-testing";
		};
/* End PBXNativeTarget section */

/* Begin PBXProject section */
		BDA71D182892EA9000E4AEA9 /* Project object */ = {
			isa = PBXProject;
			attributes = {
				LastSwiftUpdateCheck = 1250;
				LastUpgradeCheck = 1250;
				TargetAttributes = {
					BDA71D1F2892EA9000E4AEA9 = {
						CreatedOnToolsVersion = 12.5.1;
					};
					BDA71D352892EA9100E4AEA9 = {
						CreatedOnToolsVersion = 12.5.1;
						TestTargetID = BDA71D1F2892EA9000E4AEA9;
					};
					BDA71D402892EA9100E4AEA9 = {
						CreatedOnToolsVersion = 12.5.1;
						TestTargetID = BDA71D1F2892EA9000E4AEA9;
					};
				};
			};
			buildConfigurationList = BDA71D1B2892EA9000E4AEA9 /* Build configuration list for PBXProject "EventsApp" */;
			compatibilityVersion = "Xcode 9.3";
			developmentRegion = en;
			hasScannedForEncodings = 0;
			knownRegions = (
				en,
				Base,
			);
			mainGroup = BDA71D172892EA9000E4AEA9;
			productRefGroup = BDA71D212892EA9000E4AEA9 /* Products */;
			projectDirPath = "";
			projectRoot = "";
			targets = (
				BDA71D1F2892EA9000E4AEA9 /* EventsApp */,
				BDA71D352892EA9100E4AEA9 /* EventsAppTests */,
				BDA71D402892EA9100E4AEA9 /* EventsAppUITests */,
			);
		};
/* End PBXProject section */

/* Begin PBXResourcesBuildPhase section */
		BDA71D1E2892EA9000E4AEA9 /* Resources */ = {
			isa = PBXResourcesBuildPhase;
			buildActionMask = 2147483647;
			files = (
				BDA71D302892EA9100E4AEA9 /* LaunchScreen.storyboard in Resources */,
				BDA71D2D2892EA9100E4AEA9 /* Assets.xcassets in Resources */,
				BDA71D2B2892EA9000E4AEA9 /* Main.storyboard in Resources */,
			);
			runOnlyForDeploymentPostprocessing = 0;
		};
		BDA71D342892EA9100E4AEA9 /* Resources */ = {
			isa = PBXResourcesBuildPhase;
			buildActionMask = 2147483647;
			files = (
			);
			runOnlyForDeploymentPostprocessing = 0;
		};
		BDA71D3F2892EA9100E4AEA9 /* Resources */ = {
			isa = PBXResourcesBuildPhase;
			buildActionMask = 2147483647;
			files = (
			);
			runOnlyForDeploymentPostprocessing = 0;
		};
/* End PBXResourcesBuildPhase section */

/* Begin PBXSourcesBuildPhase section */
		BDA71D1C2892EA9000E4AEA9 /* Sources */ = {
			isa = PBXSourcesBuildPhase;
			buildActionMask = 2147483647;
			files = (
				BDA71D282892EA9000E4AEA9 /* ViewController.swift in Sources */,
				BDA71D242892EA9000E4AEA9 /* AppDelegate.swift in Sources */,
				BDA71D262892EA9000E4AEA9 /* SceneDelegate.swift in Sources */,
			);
			runOnlyForDeploymentPostprocessing = 0;
		};
		BDA71D322892EA9100E4AEA9 /* Sources */ = {
			isa = PBXSourcesBuildPhase;
			buildActionMask = 2147483647;
			files = (
				BDA71D3B2892EA9100E4AEA9 /* EventsAppTests.swift in Sources */,
			);
			runOnlyForDeploymentPostprocessing = 0;
		};
		BDA71D3D2892EA9100E4AEA9 /* Sources */ = {
			isa = PBXSourcesBuildPhase;
			buildActionMask = 2147483647;
			files = (
				BDA71D462892EA9100E4AEA9 /* EventsAppUITests.swift in Sources */,
			);
			runOnlyForDeploymentPostprocessing = 0;
		};
/* End PBXSourcesBuildPhase section */

/* Begin PBXTargetDependency section */
		BDA71D382892EA9100E4AEA9 /* PBXTargetDependency */ = {
			isa = PBXTargetDependency;
			target = BDA71D1F2892EA9000E4AEA9 /* EventsApp */;
			targetProxy = BDA71D372892EA9100E4AEA9 /* PBXContainerItemProxy */;
		};
		BDA71D432892EA9100E4AEA9 /* PBXTargetDependency */ = {
			isa = PBXTargetDependency;
			target = BDA71D1F2892EA9000E4AEA9 /* EventsApp */;
			targetProxy = BDA71D422892EA9100E4AEA9 /* PBXContainerItemProxy */;
		};
/* End PBXTargetDependency section */

/* Begin PBXVariantGroup section */
		BDA71D292892EA9000E4AEA9 /* Main.storyboard */ = {
			isa = PBXVariantGroup;
			children = (
				BDA71D2A2892EA9000E4AEA9 /* Base */,
			);
			name = Main.storyboard;
			sourceTree = "<group>";
		};
		BDA71D2E2892EA9100E4AEA9 /* LaunchScreen.storyboard */ = {
			isa = PBXVariantGroup;
			children = (
				BDA71D2F2892EA9100E4AEA9 /* Base */,
			);
			name = LaunchScreen.storyboard;
			sourceTree = "<group>";
		};
/* End PBXVariantGroup section */

/* Begin XCBuildConfiguration section */
		BDA71D482892EA9100E4AEA9 /* Debug */ = {
			isa = XCBuildConfiguration;
			buildSettings = {
				ALWAYS_SEARCH_USER_PATHS = NO;
				CLANG_ANALYZER_NONNULL = YES;
				CLANG_ANALYZER_NUMBER_OBJECT_CONVERSION = YES_AGGRESSIVE;
				CLANG_CXX_LANGUAGE_STANDARD = "gnu++14";
				CLANG_CXX_LIBRARY = "libc++";
				CLANG_ENABLE_MODULES = YES;
				CLANG_ENABLE_OBJC_ARC = YES;
				CLANG_ENABLE_OBJC_WEAK = YES;
				CLANG_WARN_BLOCK_CAPTURE_AUTORELEASING = YES;
				CLANG_WARN_BOOL_CONVERSION = YES;
				CLANG_WARN_COMMA = YES;
				CLANG_WARN_CONSTANT_CONVERSION = YES;
				CLANG_WARN_DEPRECATED_OBJC_IMPLEMENTATIONS = YES;
				CLANG_WARN_DIRECT_OBJC_ISA_USAGE = YES_ERROR;
				CLANG_WARN_DOCUMENTATION_COMMENTS = YES;
				CLANG_WARN_EMPTY_BODY = YES;
				CLANG_WARN_ENUM_CONVERSION = YES;
				CLANG_WARN_INFINITE_RECURSION = YES;
				CLANG_WARN_INT_CONVERSION = YES;
				CLANG_WARN_NON_LITERAL_NULL_CONVERSION = YES;
				CLANG_WARN_OBJC_IMPLICIT_RETAIN_SELF = YES;
				CLANG_WARN_OBJC_LITERAL_CONVERSION = YES;
				CLANG_WARN_OBJC_ROOT_CLASS = YES_ERROR;
				CLANG_WARN_QUOTED_INCLUDE_IN_FRAMEWORK_HEADER = YES;
				CLANG_WARN_RANGE_LOOP_ANALYSIS = YES;
				CLANG_WARN_STRICT_PROTOTYPES = YES;
				CLANG_WARN_SUSPICIOUS_MOVE = YES;
				CLANG_WARN_UNGUARDED_AVAILABILITY = YES_AGGRESSIVE;
				CLANG_WARN_UNREACHABLE_CODE = YES;
				CLANG_WARN__DUPLICATE_METHOD_MATCH = YES;
				COPY_PHASE_STRIP = NO;
				DEBUG_INFORMATION_FORMAT = dwarf;
				ENABLE_STRICT_OBJC_MSGSEND = YES;
				ENABLE_TESTABILITY = YES;
				GCC_C_LANGUAGE_STANDARD = gnu11;
				GCC_DYNAMIC_NO_PIC = NO;
				GCC_NO_COMMON_BLOCKS = YES;
				GCC_OPTIMIZATION_LEVEL = 0;
				GCC_PREPROCESSOR_DEFINITIONS = (
					"DEBUG=1",
					"$(inherited)",
				);
				GCC_WARN_64_TO_32_BIT_CONVERSION = YES;
				GCC_WARN_ABOUT_RETURN_TYPE = YES_ERROR;
				GCC_WARN_UNDECLARED_SELECTOR = YES;
				GCC_WARN_UNINITIALIZED_AUTOS = YES_AGGRESSIVE;
				GCC_WARN_UNUSED_FUNCTION = YES;
				GCC_WARN_UNUSED_VARIABLE = YES;
				IPHONEOS_DEPLOYMENT_TARGET = 14.5;
				MTL_ENABLE_DEBUG_INFO = INCLUDE_SOURCE;
				MTL_FAST_MATH = YES;
				ONLY_ACTIVE_ARCH = YES;
				SDKROOT = iphoneos;
				SWIFT_ACTIVE_COMPILATION_CONDITIONS = DEBUG;
				SWIFT_OPTIMIZATION_LEVEL = "-Onone";
			};
			name = Debug;
		};
		BDA71D492892EA9100E4AEA9 /* Release */ = {
			isa = XCBuildConfiguration;
			buildSettings = {
				ALWAYS_SEARCH_USER_PATHS = NO;
				CLANG_ANALYZER_NONNULL = YES;
				CLANG_ANALYZER_NUMBER_OBJECT_CONVERSION = YES_AGGRESSIVE;
				CLANG_CXX_LANGUAGE_STANDARD = "gnu++14";
				CLANG_CXX_LIBRARY = "libc++";
				CLANG_ENABLE_MODULES = YES;
				CLANG_ENABLE_OBJC_ARC = YES;
				CLANG_ENABLE_OBJC_WEAK = YES;
				CLANG_WARN_BLOCK_CAPTURE_AUTORELEASING = YES;
				CLANG_WARN_BOOL_CONVERSION = YES;
				CLANG_WARN_COMMA = YES;
				CLANG_WARN_CONSTANT_CONVERSION = YES;
				CLANG_WARN_DEPRECATED_OBJC_IMPLEMENTATIONS = YES;
				CLANG_WARN_DIRECT_OBJC_ISA_USAGE = YES_ERROR;
				CLANG_WARN_DOCUMENTATION_COMMENTS = YES;
				CLANG_WARN_EMPTY_BODY = YES;
				CLANG_WARN_ENUM_CONVERSION = YES;
				CLANG_WARN_INFINITE_RECURSION = YES;
				CLANG_WARN_INT_CONVERSION = YES;
				CLANG_WARN_NON_LITERAL_NULL_CONVERSION = YES;
				CLANG_WARN_OBJC_IMPLICIT_RETAIN_SELF = YES;
				CLANG_WARN_OBJC_LITERAL_CONVERSION = YES;
				CLANG_WARN_OBJC_ROOT_CLASS = YES_ERROR;
				CLANG_WARN_QUOTED_INCLUDE_IN_FRAMEWORK_HEADER = YES;
				CLANG_WARN_RANGE_LOOP_ANALYSIS = YES;
				CLANG_WARN_STRICT_PROTOTYPES = YES;
				CLANG_WARN_SUSPICIOUS_MOVE = YES;
				CLANG_WARN_UNGUARDED_AVAILABILITY = YES_AGGRESSIVE;
				CLANG_WARN_UNREACHABLE_CODE = YES;
				CLANG_WARN__DUPLICATE_METHOD_MATCH = YES;
				COPY_PHASE_STRIP = NO;
				DEBUG_INFORMATION_FORMAT = "dwarf-with-dsym";
				ENABLE_NS_ASSERTIONS = NO;
				ENABLE_STRICT_OBJC_MSGSEND = YES;
				GCC_C_LANGUAGE_STANDARD = gnu11;
				GCC_NO_COMMON_BLOCKS = YES;
				GCC_WARN_64_TO_32_BIT_CONVERSION = YES;
				GCC_WARN_ABOUT_RETURN_TYPE = YES_ERROR;
				GCC_WARN_UNDECLARED_SELECTOR = YES;
				GCC_WARN_UNINITIALIZED_AUTOS = YES_AGGRESSIVE;
				GCC_WARN_UNUSED_FUNCTION = YES;
				GCC_WARN_UNUSED_VARIABLE = YES;
				IPHONEOS_DEPLOYMENT_TARGET = 14.5;
				MTL_ENABLE_DEBUG_INFO = NO;
				MTL_FAST_MATH = YES;
				SDKROOT = iphoneos;
				SWIFT_COMPILATION_MODE = wholemodule;
				SWIFT_OPTIMIZATION_LEVEL = "-O";
				VALIDATE_PRODUCT = YES;
			};
			name = Release;
		};
		BDA71D4B2892EA9100E4AEA9 /* Debug */ = {
			isa = XCBuildConfiguration;
			buildSettings = {
				ASSETCATALOG_COMPILER_APPICON_NAME = AppIcon;
				ASSETCATALOG_COMPILER_GLOBAL_ACCENT_COLOR_NAME = AccentColor;
				CODE_SIGN_STYLE = Automatic;
				DEVELOPMENT_TEAM = HKSJLM4DRR;
				INFOPLIST_FILE = EventsApp/Info.plist;
				LD_RUNPATH_SEARCH_PATHS = (
					"$(inherited)",
					"@executable_path/Frameworks",
				);
				PRODUCT_BUNDLE_IDENTIFIER = Aoki.EventsApp;
				PRODUCT_NAME = "$(TARGET_NAME)";
				SWIFT_VERSION = 5.0;
				TARGETED_DEVICE_FAMILY = "1,2";
			};
			name = Debug;
		};
		BDA71D4C2892EA9100E4AEA9 /* Release */ = {
			isa = XCBuildConfiguration;
			buildSettings = {
				ASSETCATALOG_COMPILER_APPICON_NAME = AppIcon;
				ASSETCATALOG_COMPILER_GLOBAL_ACCENT_COLOR_NAME = AccentColor;
				CODE_SIGN_STYLE = Automatic;
				DEVELOPMENT_TEAM = HKSJLM4DRR;
				INFOPLIST_FILE = EventsApp/Info.plist;
				LD_RUNPATH_SEARCH_PATHS = (
					"$(inherited)",
					"@executable_path/Frameworks",
				);
				PRODUCT_BUNDLE_IDENTIFIER = Aoki.EventsApp;
				PRODUCT_NAME = "$(TARGET_NAME)";
				SWIFT_VERSION = 5.0;
				TARGETED_DEVICE_FAMILY = "1,2";
			};
			name = Release;
		};
		BDA71D4E2892EA9100E4AEA9 /* Debug */ = {
			isa = XCBuildConfiguration;
			buildSettings = {
				ALWAYS_EMBED_SWIFT_STANDARD_LIBRARIES = YES;
				BUNDLE_LOADER = "$(TEST_HOST)";
				CODE_SIGN_STYLE = Automatic;
				DEVELOPMENT_TEAM = HKSJLM4DRR;
				INFOPLIST_FILE = EventsAppTests/Info.plist;
				IPHONEOS_DEPLOYMENT_TARGET = 14.5;
				LD_RUNPATH_SEARCH_PATHS = (
					"$(inherited)",
					"@executable_path/Frameworks",
					"@loader_path/Frameworks",
				);
				PRODUCT_BUNDLE_IDENTIFIER = Aoki.EventsAppTests;
				PRODUCT_NAME = "$(TARGET_NAME)";
				SWIFT_VERSION = 5.0;
				TARGETED_DEVICE_FAMILY = "1,2";
				TEST_HOST = "$(BUILT_PRODUCTS_DIR)/EventsApp.app/EventsApp";
			};
			name = Debug;
		};
		BDA71D4F2892EA9100E4AEA9 /* Release */ = {
			isa = XCBuildConfiguration;
			buildSettings = {
				ALWAYS_EMBED_SWIFT_STANDARD_LIBRARIES = YES;
				BUNDLE_LOADER = "$(TEST_HOST)";
				CODE_SIGN_STYLE = Automatic;
				DEVELOPMENT_TEAM = HKSJLM4DRR;
				INFOPLIST_FILE = EventsAppTests/Info.plist;
				IPHONEOS_DEPLOYMENT_TARGET = 14.5;
				LD_RUNPATH_SEARCH_PATHS = (
					"$(inherited)",
					"@executable_path/Frameworks",
					"@loader_path/Frameworks",
				);
				PRODUCT_BUNDLE_IDENTIFIER = Aoki.EventsAppTests;
				PRODUCT_NAME = "$(TARGET_NAME)";
				SWIFT_VERSION = 5.0;
				TARGETED_DEVICE_FAMILY = "1,2";
				TEST_HOST = "$(BUILT_PRODUCTS_DIR)/EventsApp.app/EventsApp";
			};
			name = Release;
		};
		BDA71D512892EA9100E4AEA9 /* Debug */ = {
			isa = XCBuildConfiguration;
			buildSettings = {
				ALWAYS_EMBED_SWIFT_STANDARD_LIBRARIES = YES;
				CODE_SIGN_STYLE = Automatic;
				DEVELOPMENT_TEAM = HKSJLM4DRR;
				INFOPLIST_FILE = EventsAppUITests/Info.plist;
				LD_RUNPATH_SEARCH_PATHS = (
					"$(inherited)",
					"@executable_path/Frameworks",
					"@loader_path/Frameworks",
				);
				PRODUCT_BUNDLE_IDENTIFIER = Aoki.EventsAppUITests;
				PRODUCT_NAME = "$(TARGET_NAME)";
				SWIFT_VERSION = 5.0;
				TARGETED_DEVICE_FAMILY = "1,2";
				TEST_TARGET_NAME = EventsApp;
			};
			name = Debug;
		};
		BDA71D522892EA9100E4AEA9 /* Release */ = {
			isa = XCBuildConfiguration;
			buildSettings = {
				ALWAYS_EMBED_SWIFT_STANDARD_LIBRARIES = YES;
				CODE_SIGN_STYLE = Automatic;
				DEVELOPMENT_TEAM = HKSJLM4DRR;
				INFOPLIST_FILE = EventsAppUITests/Info.plist;
				LD_RUNPATH_SEARCH_PATHS = (
					"$(inherited)",
					"@executable_path/Frameworks",
					"@loader_path/Frameworks",
				);
				PRODUCT_BUNDLE_IDENTIFIER = Aoki.EventsAppUITests;
				PRODUCT_NAME = "$(TARGET_NAME)";
				SWIFT_VERSION = 5.0;
				TARGETED_DEVICE_FAMILY = "1,2";
				TEST_TARGET_NAME = EventsApp;
			};
			name = Release;
		};
/* End XCBuildConfiguration section */

/* Begin XCConfigurationList section */
		BDA71D1B2892EA9000E4AEA9 /* Build configuration list for PBXProject "EventsApp" */ = {
			isa = XCConfigurationList;
			buildConfigurations = (
				BDA71D482892EA9100E4AEA9 /* Debug */,
				BDA71D492892EA9100E4AEA9 /* Release */,
			);
			defaultConfigurationIsVisible = 0;
			defaultConfigurationName = Release;
		};
		BDA71D4A2892EA9100E4AEA9 /* Build configuration list for PBXNativeTarget "EventsApp" */ = {
			isa = XCConfigurationList;
			buildConfigurations = (
				BDA71D4B2892EA9100E4AEA9 /* Debug */,
				BDA71D4C2892EA9100E4AEA9 /* Release */,
			);
			defaultConfigurationIsVisible = 0;
			defaultConfigurationName = Release;
		};
		BDA71D4D2892EA9100E4AEA9 /* Build configuration list for PBXNativeTarget "EventsAppTests" */ = {
			isa = XCConfigurationList;
			buildConfigurations = (
				BDA71D4E2892EA9100E4AEA9 /* Debug */,
				BDA71D4F2892EA9100E4AEA9 /* Release */,
			);
			defaultConfigurationIsVisible = 0;
			defaultConfigurationName = Release;
		};
		BDA71D502892EA9100E4AEA9 /* Build configuration list for PBXNativeTarget "EventsAppUITests" */ = {
			isa = XCConfigurationList;
			buildConfigurations = (
				BDA71D512892EA9100E4AEA9 /* Debug */,
				BDA71D522892EA9100E4AEA9 /* Release */,
			);
			defaultConfigurationIsVisible = 0;
			defaultConfigurationName = Release;
		};
/* End XCConfigurationList section */
	};
	rootObject = BDA71D182892EA9000E4AEA9 /* Project object */;
}
